
Microsoft Visual Studio Solution File, Format Version 12.00
# Visual Studio Version 16
VisualStudioVersion = 16.0.30002.166
MinimumVisualStudioVersion = 10.0.40219.1
Project("{FAE04EC0-301F-11D3-BF4B-00C04F79EFBC}") = "WebRestfulApiPermisos.Api", "WebRestfulApiPermisos\WebRestfulApiPermisos.Api.csproj", "{62235FA1-138F-4DCC-9012-3BCD56FA3BCF}"
EndProject
Project("{FAE04EC0-301F-11D3-BF4B-00C04F79EFBC}") = "WebRestfulApiPermisos.Modelss", "WebRestfulApiPermisos.Modelss\WebRestfulApiPermisos.Modelss.csproj", "{24ACC47E-7415-4520-81DD-B5714767A3A2}"
EndProject
Project("{FAE04EC0-301F-11D3-BF4B-00C04F79EFBC}") = "WebRestfulApiPermisos.DTO", "WebRestfulApiPermisos.DTO\WebRestfulApiPermisos.DTO.csproj", "{7FB0B67E-275C-4960-9C4E-8477D79426A8}"
EndProject
Global
	GlobalSection(SolutionConfigurationPlatforms) = preSolution
		Debug|Any CPU = Debug|Any CPU
		Release|Any CPU = Release|Any CPU
	EndGlobalSection
	GlobalSection(ProjectConfigurationPlatforms) = postSolution
		{62235FA1-138F-4DCC-9012-3BCD56FA3BCF}.Debug|Any CPU.ActiveCfg = Debug|Any CPU
		{62235FA1-138F-4DCC-9012-3BCD56FA3BCF}.Debug|Any CPU.Build.0 = Debug|Any CPU
		{62235FA1-138F-4DCC-9012-3BCD56FA3BCF}.Release|Any CPU.ActiveCfg = Release|Any CPU
		{62235FA1-138F-4DCC-9012-3BCD56FA3BCF}.Release|Any CPU.Build.0 = Release|Any CPU
		{24ACC47E-7415-4520-81DD-B5714767A3A2}.Debug|Any CPU.ActiveCfg = Debug|Any CPU
		{24ACC47E-7415-4520-81DD-B5714767A3A2}.Debug|Any CPU.Build.0 = Debug|Any CPU
		{24ACC47E-7415-4520-81DD-B5714767A3A2}.Release|Any CPU.ActiveCfg = Release|Any CPU
		{24ACC47E-7415-4520-81DD-B5714767A3A2}.Release|Any CPU.Build.0 = Release|Any CPU
		{7FB0B67E-275C-4960-9C4E-8477D79426A8}.Debug|Any CPU.ActiveCfg = Debug|Any CPU
		{7FB0B67E-275C-4960-9C4E-8477D79426A8}.Debug|Any CPU.Build.0 = Debug|Any CPU
		{7FB0B67E-275C-4960-9C4E-8477D79426A8}.Release|Any CPU.ActiveCfg = Release|Any CPU
		{7FB0B67E-275C-4960-9C4E-8477D79426A8}.Release|Any CPU.Build.0 = Release|Any CPU
	EndGlobalSection
	GlobalSection(SolutionProperties) = preSolution
		HideSolutionNode = FALSE
	EndGlobalSection
	GlobalSection(ExtensibilityGlobals) = postSolution
		SolutionGuid = {939949A2-3FAA-4357-AD4A-57B9D208D5CC}
	EndGlobalSection
EndGlobal
